
Microsoft Visual Studio Solution File, Format Version 12.00
# Visual Studio 2013
VisualStudioVersion = 12.0.30723.0
MinimumVisualStudioVersion = 10.0.40219.1
Project("{FAE04EC0-301F-11D3-BF4B-00C04F79EFBC}") = "Bolt.Cache", "Bolt.Cache\Bolt.Cache.csproj", "{8066CA25-513D-4649-B0DC-887303AE1C64}"
EndProject
Project("{FAE04EC0-301F-11D3-BF4B-00C04F79EFBC}") = "Bolt.Cache.Redis", "Bolt.Cache.Redis\Bolt.Cache.Redis.csproj", "{72BB2305-A71C-465D-A9E1-A926C7C412C0}"
EndProject
Project("{2150E333-8FDC-42A3-9474-1A3956D46DE8}") = "Tests", "Tests", "{5E0B5806-B426-4831-98A1-41415581CAD7}"
EndProject
Project("{FAE04EC0-301F-11D3-BF4B-00C04F79EFBC}") = "Bolt.Cache.IntegrationTests", "Bolt.Cache.IntegrationTests\Bolt.Cache.IntegrationTests.csproj", "{A9E64B23-C83A-428F-9CF3-E7E56AAE0709}"
EndProject
Global
	GlobalSection(SolutionConfigurationPlatforms) = preSolution
		Debug|Any CPU = Debug|Any CPU
		Release|Any CPU = Release|Any CPU
	EndGlobalSection
	GlobalSection(ProjectConfigurationPlatforms) = postSolution
		{8066CA25-513D-4649-B0DC-887303AE1C64}.Debug|Any CPU.ActiveCfg = Debug|Any CPU
		{8066CA25-513D-4649-B0DC-887303AE1C64}.Debug|Any CPU.Build.0 = Debug|Any CPU
		{8066CA25-513D-4649-B0DC-887303AE1C64}.Release|Any CPU.ActiveCfg = Release|Any CPU
		{8066CA25-513D-4649-B0DC-887303AE1C64}.Release|Any CPU.Build.0 = Release|Any CPU
		{72BB2305-A71C-465D-A9E1-A926C7C412C0}.Debug|Any CPU.ActiveCfg = Debug|Any CPU
		{72BB2305-A71C-465D-A9E1-A926C7C412C0}.Debug|Any CPU.Build.0 = Debug|Any CPU
		{72BB2305-A71C-465D-A9E1-A926C7C412C0}.Release|Any CPU.ActiveCfg = Release|Any CPU
		{72BB2305-A71C-465D-A9E1-A926C7C412C0}.Release|Any CPU.Build.0 = Release|Any CPU
		{A9E64B23-C83A-428F-9CF3-E7E56AAE0709}.Debug|Any CPU.ActiveCfg = Debug|Any CPU
		{A9E64B23-C83A-428F-9CF3-E7E56AAE0709}.Debug|Any CPU.Build.0 = Debug|Any CPU
		{A9E64B23-C83A-428F-9CF3-E7E56AAE0709}.Release|Any CPU.ActiveCfg = Release|Any CPU
		{A9E64B23-C83A-428F-9CF3-E7E56AAE0709}.Release|Any CPU.Build.0 = Release|Any CPU
	EndGlobalSection
	GlobalSection(SolutionProperties) = preSolution
		HideSolutionNode = FALSE
	EndGlobalSection
	GlobalSection(NestedProjects) = preSolution
		{A9E64B23-C83A-428F-9CF3-E7E56AAE0709} = {5E0B5806-B426-4831-98A1-41415581CAD7}
	EndGlobalSection
EndGlobal
